Microsoft Visual Studio Solution File, Format Version 11.00
# Visual Studio 2010
Project("{8BC9CEB8-8B4A-11D0-8D11-00A0C91BC942}") = "archivegen", "C:/Projects/Qt/QIF/tools/archivegen\archivegen.vcxproj", "{425A9AB3-BAFC-3DB9-882F-088C9DD454F6}"
EndProject
Project("{8BC9CEB8-8B4A-11D0-8D11-00A0C91BC942}") = "binarycreator", "C:/Projects/Qt/QIF/tools/binarycreator\binarycreator.vcxproj", "{926C60BA-9406-309E-AEDA-52CAAC4CE8A2}"
EndProject
Project("{8BC9CEB8-8B4A-11D0-8D11-00A0C91BC942}") = "repogen", "C:/Projects/Qt/QIF/tools/repogen\repogen.vcxproj", "{6C56C689-4B9D-3DCB-A590-D9FDF0E6419A}"
EndProject
Project("{8BC9CEB8-8B4A-11D0-8D11-00A0C91BC942}") = "devtool", "C:/Projects/Qt/QIF/tools/devtool\devtool.vcxproj", "{60ABE9E2-BC5E-306E-9719-7293D9F4F505}"
EndProject
Project("{8BC9CEB8-8B4A-11D0-8D11-00A0C91BC942}") = "repocompare", "C:/Projects/Qt/QIF/tools/repocompare\repocompare.vcxproj", "{2854A31F-DFB3-3A3D-8765-0E71AEF77050}"
EndProject
Project("{8BC9CEB8-8B4A-11D0-8D11-00A0C91BC942}") = "uninstallermaker", "C:/Projects/Qt/QIF/tools/uninstallermaker\uninstallermaker.vcxproj", "{A75D3E27-AD30-3A66-8583-C1A8CDD664FC}"
EndProject
Global
	GlobalSection(SolutionConfigurationPlatforms) = preSolution
		Debug|Win32 = Debug|Win32
		Release|Win32 = Release|Win32
	EndGlobalSection
	GlobalSection(ProjectConfigurationPlatforms) = postSolution
		{425A9AB3-BAFC-3DB9-882F-088C9DD454F6}.Debug|Win32.ActiveCfg = Debug|Win32
		{425A9AB3-BAFC-3DB9-882F-088C9DD454F6}.Debug|Win32.Build.0 = Debug|Win32
		{425A9AB3-BAFC-3DB9-882F-088C9DD454F6}.Release|Win32.ActiveCfg = Release|Win32
		{425A9AB3-BAFC-3DB9-882F-088C9DD454F6}.Release|Win32.Build.0 = Release|Win32
		{926C60BA-9406-309E-AEDA-52CAAC4CE8A2}.Debug|Win32.ActiveCfg = Debug|Win32
		{926C60BA-9406-309E-AEDA-52CAAC4CE8A2}.Debug|Win32.Build.0 = Debug|Win32
		{926C60BA-9406-309E-AEDA-52CAAC4CE8A2}.Release|Win32.ActiveCfg = Release|Win32
		{926C60BA-9406-309E-AEDA-52CAAC4CE8A2}.Release|Win32.Build.0 = Release|Win32
		{6C56C689-4B9D-3DCB-A590-D9FDF0E6419A}.Debug|Win32.ActiveCfg = Debug|Win32
		{6C56C689-4B9D-3DCB-A590-D9FDF0E6419A}.Debug|Win32.Build.0 = Debug|Win32
		{6C56C689-4B9D-3DCB-A590-D9FDF0E6419A}.Release|Win32.ActiveCfg = Release|Win32
		{6C56C689-4B9D-3DCB-A590-D9FDF0E6419A}.Release|Win32.Build.0 = Release|Win32
		{60ABE9E2-BC5E-306E-9719-7293D9F4F505}.Debug|Win32.ActiveCfg = Debug|Win32
		{60ABE9E2-BC5E-306E-9719-7293D9F4F505}.Debug|Win32.Build.0 = Debug|Win32
		{60ABE9E2-BC5E-306E-9719-7293D9F4F505}.Release|Win32.ActiveCfg = Release|Win32
		{60ABE9E2-BC5E-306E-9719-7293D9F4F505}.Release|Win32.Build.0 = Release|Win32
		{2854A31F-DFB3-3A3D-8765-0E71AEF77050}.Debug|Win32.ActiveCfg = Debug|Win32
		{2854A31F-DFB3-3A3D-8765-0E71AEF77050}.Debug|Win32.Build.0 = Debug|Win32
		{2854A31F-DFB3-3A3D-8765-0E71AEF77050}.Release|Win32.ActiveCfg = Release|Win32
		{2854A31F-DFB3-3A3D-8765-0E71AEF77050}.Release|Win32.Build.0 = Release|Win32
		{A75D3E27-AD30-3A66-8583-C1A8CDD664FC}.Debug|Win32.ActiveCfg = Debug|Win32
		{A75D3E27-AD30-3A66-8583-C1A8CDD664FC}.Debug|Win32.Build.0 = Debug|Win32
		{A75D3E27-AD30-3A66-8583-C1A8CDD664FC}.Release|Win32.ActiveCfg = Release|Win32
		{A75D3E27-AD30-3A66-8583-C1A8CDD664FC}.Release|Win32.Build.0 = Release|Win32
	EndGlobalSection
	GlobalSection(ExtensibilityGlobals) = postSolution
	EndGlobalSection
	GlobalSection(ExtensibilityAddIns) = postSolution
	EndGlobalSection
EndGlobal